PATH
  remote: .
  specs:
    kindle_extractor (0.1)
      kindleclippings (~> 1.4)

GEM
  remote: https://rubygems.org/
  specs:
    diff-lcs (1.6.2)
    fakefs (3.2.1)
    kindleclippings (1.4.0)
    rake (0.9.2.2)
    rspec (3.13.2)
      rspec-core (~> 3.13.0)
      rspec-expectations (~> 3.13.0)
      rspec-mocks (~> 3.13.0)
    rspec-core (3.13.6)
      rspec-support (~> 3.13.0)
    rspec-expectations (3.13.5)
      diff-lcs (>= 1.2.0, < 2.0)
      rspec-support (~> 3.13.0)
    rspec-mocks (3.13.8)
      diff-lcs (>= 1.2.0, < 2.0)
      rspec-support (~> 3.13.0)
    rspec-support (3.13.7)

PLATFORMS
  ruby

DEPENDENCIES
  fakefs (~> 3.2)
  kindle_extractor!
  rake (~> 0.9.2.2)
  rspec (~> 3.13)

BUNDLED WITH
  4.0.19
